
Microsoft Visual Studio Solution File, Format Version 12.00
# Visual Studio Version 16
VisualStudioVersion = 16.0.30611.23
MinimumVisualStudioVersion = 10.0.40219.1
Project("{9A19103F-16F7-4668-BE54-9A1E7A4F7556}") = "Mosaic.API", "Mosaic.API\Mosaic.API.csproj", "{7268DA8C-7E3E-46B8-AD0E-287E511B8386}"
EndProject
Project("{9A19103F-16F7-4668-BE54-9A1E7A4F7556}") = "Mosaic.IdP", "Mosaic.IdP\Mosaic.IdP.csproj", "{3F303F21-FF29-4517-80E2-A03028F1C4B5}"
EndProject
Project("{9A19103F-16F7-4668-BE54-9A1E7A4F7556}") = "Mosaic.Client", "Mosaic.Client\Mosaic.Client.csproj", "{A37A0387-1335-43FC-9BF7-64060311E8C1}"
EndProject
Global
	GlobalSection(SolutionConfigurationPlatforms) = preSolution
		Debug|Any CPU = Debug|Any CPU
		Release|Any CPU = Release|Any CPU
	EndGlobalSection
	GlobalSection(ProjectConfigurationPlatforms) = postSolution
		{7268DA8C-7E3E-46B8-AD0E-287E511B8386}.Debug|Any CPU.ActiveCfg = Debug|Any CPU
		{7268DA8C-7E3E-46B8-AD0E-287E511B8386}.Debug|Any CPU.Build.0 = Debug|Any CPU
		{7268DA8C-7E3E-46B8-AD0E-287E511B8386}.Release|Any CPU.ActiveCfg = Release|Any CPU
		{7268DA8C-7E3E-46B8-AD0E-287E511B8386}.Release|Any CPU.Build.0 = Release|Any CPU
		{3F303F21-FF29-4517-80E2-A03028F1C4B5}.Debug|Any CPU.ActiveCfg = Debug|Any CPU
		{3F303F21-FF29-4517-80E2-A03028F1C4B5}.Debug|Any CPU.Build.0 = Debug|Any CPU
		{3F303F21-FF29-4517-80E2-A03028F1C4B5}.Release|Any CPU.ActiveCfg = Release|Any CPU
		{3F303F21-FF29-4517-80E2-A03028F1C4B5}.Release|Any CPU.Build.0 = Release|Any CPU
		{A37A0387-1335-43FC-9BF7-64060311E8C1}.Debug|Any CPU.ActiveCfg = Debug|Any CPU
		{A37A0387-1335-43FC-9BF7-64060311E8C1}.Debug|Any CPU.Build.0 = Debug|Any CPU
		{A37A0387-1335-43FC-9BF7-64060311E8C1}.Release|Any CPU.ActiveCfg = Release|Any CPU
		{A37A0387-1335-43FC-9BF7-64060311E8C1}.Release|Any CPU.Build.0 = Release|Any CPU
	EndGlobalSection
	GlobalSection(SolutionProperties) = preSolution
		HideSolutionNode = FALSE
	EndGlobalSection
	GlobalSection(ExtensibilityGlobals) = postSolution
		SolutionGuid = {C65E65B5-D8CE-4AD1-A0F4-A35A7A5890F1}
	EndGlobalSection
EndGlobal
